
Microsoft Visual Studio Solution File, Format Version 12.00
# Visual Studio 2013
VisualStudioVersion = 12.0.30501.0
MinimumVisualStudioVersion = 10.0.40219.1
Project("{FAE04EC0-301F-11D3-BF4B-00C04F79EFBC}") = "CreditApproval_Web", "CreditApproval_Web\CreditApproval_Web.csproj", "{A92BDF04-A4E4-4EAA-8708-A483DC7D7D99}"
EndProject
Project("{2150E333-8FDC-42A3-9474-1A3956D46DE8}") = "PublishScripts", "PublishScripts", "{9EB314F7-D29C-4147-9603-7EA7F7D8AFCC}"
	ProjectSection(SolutionItems) = preProject
		PublishScripts\AzureWebsitePublishModule.psm1 = PublishScripts\AzureWebsitePublishModule.psm1
		PublishScripts\Publish-WebApplicationWebsite.ps1 = PublishScripts\Publish-WebApplicationWebsite.ps1
	EndProjectSection
EndProject
Project("{2150E333-8FDC-42A3-9474-1A3956D46DE8}") = "Configurations", "Configurations", "{7681F359-49C2-4FFB-8537-A1540B8F7CDB}"
	ProjectSection(SolutionItems) = preProject
		PublishScripts\Configurations\CreditApprovalWeb-WAWS-dev.json = PublishScripts\Configurations\CreditApprovalWeb-WAWS-dev.json
	EndProjectSection
EndProject
Global
	GlobalSection(SolutionConfigurationPlatforms) = preSolution
		Debug|Any CPU = Debug|Any CPU
		Release|Any CPU = Release|Any CPU
	EndGlobalSection
	GlobalSection(ProjectConfigurationPlatforms) = postSolution
		{A92BDF04-A4E4-4EAA-8708-A483DC7D7D99}.Debug|Any CPU.ActiveCfg = Debug|Any CPU
		{A92BDF04-A4E4-4EAA-8708-A483DC7D7D99}.Debug|Any CPU.Build.0 = Debug|Any CPU
		{A92BDF04-A4E4-4EAA-8708-A483DC7D7D99}.Release|Any CPU.ActiveCfg = Release|Any CPU
		{A92BDF04-A4E4-4EAA-8708-A483DC7D7D99}.Release|Any CPU.Build.0 = Release|Any CPU
	EndGlobalSection
	GlobalSection(SolutionProperties) = preSolution
		HideSolutionNode = FALSE
	EndGlobalSection
	GlobalSection(NestedProjects) = preSolution
		{7681F359-49C2-4FFB-8537-A1540B8F7CDB} = {9EB314F7-D29C-4147-9603-7EA7F7D8AFCC}
	EndGlobalSection
EndGlobal
